
Microsoft Visual Studio Solution File, Format Version 12.00
# Visual Studio Version 16
VisualStudioVersion = 16.0.29609.76
MinimumVisualStudioVersion = 10.0.40219.1
Project("{FAE04EC0-301F-11D3-BF4B-00C04F79EFBC}") = "NgxTranslationCreator", "NgxTranslationCreator\NgxTranslationCreator.csproj", "{66DCC71A-3FBA-4860-985E-79CE18D3EAFB}"
EndProject
Global
	GlobalSection(SolutionConfigurationPlatforms) = preSolution
		Debug|Any CPU = Debug|Any CPU
		Release|Any CPU = Release|Any CPU
	EndGlobalSection
	GlobalSection(ProjectConfigurationPlatforms) = postSolution
		{66DCC71A-3FBA-4860-985E-79CE18D3EAFB}.Debug|Any CPU.ActiveCfg = Debug|Any CPU
		{66DCC71A-3FBA-4860-985E-79CE18D3EAFB}.Debug|Any CPU.Build.0 = Debug|Any CPU
		{66DCC71A-3FBA-4860-985E-79CE18D3EAFB}.Release|Any CPU.ActiveCfg = Release|Any CPU
		{66DCC71A-3FBA-4860-985E-79CE18D3EAFB}.Release|Any CPU.Build.0 = Release|Any CPU
	EndGlobalSection
	GlobalSection(SolutionProperties) = preSolution
		HideSolutionNode = FALSE
	EndGlobalSection
	GlobalSection(ExtensibilityGlobals) = postSolution
		SolutionGuid = {BBD0CE08-F2D5-43F6-9616-7BCB7BABC24B}
	EndGlobalSection
EndGlobal
